// !$*UTF8*$!
{
	archiveVersion = 1;
	classes = {
	};
	objectVersion = 46;
	objects = {

/* Begin PBXBuildFile section */
		1F45A334203B237BD032566B /* libPods.a in Frameworks */ = {isa = PBXBuildFile; fileRef = 474093839EDB6B45F2732C43 /* libPods.a */; };
		659810D91C506C1000D2042A /* GoogleService-Info.plist in Resources */ = {isa = PBXBuildFile; fileRef = 659810D81C506C1000D2042A /* GoogleService-Info.plist */; };
		65AAD3F81C4DB72500FB2939 /* AppDelegate.swift in Sources */ = {isa = PBXBuildFile; fileRef = 65AAD3F71C4DB72500FB2939 /* AppDelegate.swift */; };
		65AAD3FA1C4DB72500FB2939 /* ViewController.swift in Sources */ = {isa = PBXBuildFile; fileRef = 65AAD3F91C4DB72500FB2939 /* ViewController.swift */; };
		65AAD3FD1C4DB72500FB2939 /* Main.storyboard in Resources */ = {isa = PBXBuildFile; fileRef = 65AAD3FB1C4DB72500FB2939 /* Main.storyboard */; };
		65AAD3FF1C4DB72500FB2939 /* Assets.xcassets in Resources */ = {isa = PBXBuildFile; fileRef = 65AAD3FE1C4DB72500FB2939 /* Assets.xcassets */; };
		65AAD4021C4DB72500FB2939 /* LaunchScreen.storyboard in Resources */ = {isa = PBXBuildFile; fileRef = 65AAD4001C4DB72500FB2939 /* LaunchScreen.storyboard */; };
/* End PBXBuildFile section */

/* Begin PBXFileReference section */
		474093839EDB6B45F2732C43 /* libPods.a */ = {isa = PBXFileReference; explicitFileType = archive.ar; includeInIndex = 0; path = libPods.a; sourceTree = BUILT_PRODUCTS_DIR; };
		659810D81C506C1000D2042A /* GoogleService-Info.plist */ = {isa = PBXFileReference; fileEncoding = 4; lastKnownFileType = text.plist.xml; path = "GoogleService-Info.plist"; sourceTree = "<group>"; };
		65AAD3F41C4DB72500FB2939 /* ParseGoogleAuth.app */ = {isa = PBXFileReference; explicitFileType = wrapper.application; includeInIndex = 0; path = ParseGoogleAuth.app; sourceTree = BUILT_PRODUCTS_DIR; };
		65AAD3F71C4DB72500FB2939 /* AppDelegate.swift */ = {isa = PBXFileReference; lastKnownFileType = sourcecode.swift; path = AppDelegate.swift; sourceTree = "<group>"; };
		65AAD3F91C4DB72500FB2939 /* ViewController.swift */ = {isa = PBXFileReference; lastKnownFileType = sourcecode.swift; path = ViewController.swift; sourceTree = "<group>"; };
		65AAD3FC1C4DB72500FB2939 /* Base */ = {isa = PBXFileReference; lastKnownFileType = file.storyboard; name = Base; path = Base.lproj/Main.storyboard; sourceTree = "<group>"; };
		65AAD3FE1C4DB72500FB2939 /* Assets.xcassets */ = {isa = PBXFileReference; lastKnownFileType = folder.assetcatalog; path = Assets.xcassets; sourceTree = "<group>"; };
		65AAD4011C4DB72500FB2939 /* Base */ = {isa = PBXFileReference; lastKnownFileType = file.storyboard; name = Base; path = Base.lproj/LaunchScreen.storyboard; sourceTree = "<group>"; };
		65AAD4031C4DB72500FB2939 /* Info.plist */ = {isa = PBXFileReference; lastKnownFileType = text.plist.xml; path = Info.plist; sourceTree = "<group>"; };
		65AAD40B1C4E5B2000FB2939 /* ParseGoogleAuth-Bridging-Header.h */ = {isa = PBXFileReference; fileEncoding = 4; lastKnownFileType = sourcecode.c.h; path = "ParseGoogleAuth-Bridging-Header.h"; sourceTree = "<group>"; };
		905F21BDFFA36627E6EF1972 /* Pods.release.xcconfig */ = {isa = PBXFileReference; includeInIndex = 1; lastKnownFileType = text.xcconfig; name = Pods.release.xcconfig; path = "Pods/Target Support Files/Pods/Pods.release.xcconfig"; sourceTree = "<group>"; };
		C9AF65EA2BA6338C2565BD0F /* Pods.debug.xcconfig */ = {isa = PBXFileReference; includeInIndex = 1; lastKnownFileType = text.xcconfig; name = Pods.debug.xcconfig; path = "Pods/Target Support Files/Pods/Pods.debug.xcconfig"; sourceTree = "<group>"; };
/* End PBXFileReference section */

/* Begin PBXFrameworksBuildPhase section */
		65AAD3F11C4DB72500FB2939 /* Frameworks */ = {
			isa = PBXFrameworksBuildPhase;
			buildActionMask = 2147483647;
			files = (
				1F45A334203B237BD032566B /* libPods.a in Frameworks */,
			);
			runOnlyForDeploymentPostprocessing = 0;
		};
/* End PBXFrameworksBuildPhase section */

/* Begin PBXGroup section */
		274315FA77D278141D7270AF /* Frameworks */ = {
			isa = PBXGroup;
			children = (
				474093839EDB6B45F2732C43 /* libPods.a */,
			);
			name = Frameworks;
			sourceTree = "<group>";
		};
		3EA97957445248B733909E73 /* Pods */ = {
			isa = PBXGroup;
			children = (
				C9AF65EA2BA6338C2565BD0F /* Pods.debug.xcconfig */,
				905F21BDFFA36627E6EF1972 /* Pods.release.xcconfig */,
			);
			name = Pods;
			sourceTree = "<group>";
		};
		65AAD3EB1C4DB72500FB2939 = {
			isa = PBXGroup;
			children = (
				65AAD3F61C4DB72500FB2939 /* ParseGoogleAuth */,
				65AAD3F51C4DB72500FB2939 /* Products */,
				3EA97957445248B733909E73 /* Pods */,
				274315FA77D278141D7270AF /* Frameworks */,
			);
			sourceTree = "<group>";
		};
		65AAD3F51C4DB72500FB2939 /* Products */ = {
			isa = PBXGroup;
			children = (
				65AAD3F41C4DB72500FB2939 /* ParseGoogleAuth.app */,
			);
			name = Products;
			sourceTree = "<group>";
		};
		65AAD3F61C4DB72500FB2939 /* ParseGoogleAuth */ = {
			isa = PBXGroup;
			children = (
				659810D81C506C1000D2042A /* GoogleService-Info.plist */,
				65AAD3F71C4DB72500FB2939 /* AppDelegate.swift */,
				65AAD3F91C4DB72500FB2939 /* ViewController.swift */,
				65AAD3FB1C4DB72500FB2939 /* Main.storyboard */,
				65AAD3FE1C4DB72500FB2939 /* Assets.xcassets */,
				65AAD4001C4DB72500FB2939 /* LaunchScreen.storyboard */,
				65AAD4031C4DB72500FB2939 /* Info.plist */,
				65AAD40B1C4E5B2000FB2939 /* ParseGoogleAuth-Bridging-Header.h */,
			);
			path = ParseGoogleAuth;
			sourceTree = "<group>";
		};
/* End PBXGroup section */

/* Begin PBXNativeTarget section */
		65AAD3F31C4DB72500FB2939 /* ParseGoogleAuth */ = {
			isa = PBXNativeTarget;
			buildConfigurationList = 65AAD4061C4DB72500FB2939 /* Build configuration list for PBXNativeTarget "ParseGoogleAuth" */;
			buildPhases = (
				8BCA2B305636C5AA833E4DBC /* Check Pods Manifest.lock */,
				65AAD3F01C4DB72500FB2939 /* Sources */,
				65AAD3F11C4DB72500FB2939 /* Frameworks */,
				65AAD3F21C4DB72500FB2939 /* Resources */,
				DB556CD1AFBD7B7F848D0EDC /* Embed Pods Frameworks */,
				B29C06B0A57FA9FD8DB22EFF /* Copy Pods Resources */,
			);
			buildRules = (
			);
			dependencies = (
			);
			name = ParseGoogleAuth;
			productName = ParseGoogleAuth;
			productReference = 65AAD3F41C4DB72500FB2939 /* ParseGoogleAuth.app */;
			productType = "com.apple.product-type.application";
		};
/* End PBXNativeTarget section */

/* Begin PBXProject section */
		65AAD3EC1C4DB72500FB2939 /* Project object */ = {
			isa = PBXProject;
			attributes = {
				LastSwiftUpdateCheck = 0720;
				LastUpgradeCheck = 0720;
				TargetAttributes = {
					65AAD3F31C4DB72500FB2939 = {
						CreatedOnToolsVersion = 7.2;
					};
				};
			};
			buildConfigurationList = 65AAD3EF1C4DB72500FB2939 /* Build configuration list for PBXProject "ParseGoogleAuth" */;
			compatibilityVersion = "Xcode 3.2";
			developmentRegion = English;
			hasScannedForEncodings = 0;
			knownRegions = (
				en,
				Base,
			);
			mainGroup = 65AAD3EB1C4DB72500FB2939;
			productRefGroup = 65AAD3F51C4DB72500FB2939 /* Products */;
			projectDirPath = "";
			projectRoot = "";
			targets = (
				65AAD3F31C4DB72500FB2939 /* ParseGoogleAuth */,
			);
		};
/* End PBXProject section */

/* Begin PBXResourcesBuildPhase section */
		65AAD3F21C4DB72500FB2939 /* Resources */ = {
			isa = PBXResourcesBuildPhase;
			buildActionMask = 2147483647;
			files = (
				65AAD4021C4DB72500FB2939 /* LaunchScreen.storyboard in Resources */,
				659810D91C506C1000D2042A /* GoogleService-Info.plist in Resources */,
				65AAD3FF1C4DB72500FB2939 /* Assets.xcassets in Resources */,
				65AAD3FD1C4DB72500FB2939 /* Main.storyboard in Resources */,
			);
			runOnlyForDeploymentPostprocessing = 0;
		};
/* End PBXResourcesBuildPhase section */

/* Begin PBXShellScriptBuildPhase section */
		8BCA2B305636C5AA833E4DBC /* Check Pods Manifest.lock */ = {
			isa = PBXShellScriptBuildPhase;
			buildActionMask = 2147483647;
			files = (
			);
			inputPaths = (
			);
			name = "Check Pods Manifest.lock";
			outputPaths = (
			);
			runOnlyForDeploymentPostprocessing = 0;
			shellPath = /bin/sh;
			shellScript = "diff \"${PODS_ROOT}/../Podfile.lock\" \"${PODS_ROOT}/Manifest.lock\" > /dev/null\nif [[ $? != 0 ]] ; then\n    cat << EOM\nerror: The sandbox is not in sync with the Podfile.lock. Run 'pod install' or update your CocoaPods installation.\nEOM\n    exit 1\nfi\n";
			showEnvVarsInLog = 0;
		};
		B29C06B0A57FA9FD8DB22EFF /* Copy Pods Resources */ = {
			isa = PBXShellScriptBuildPhase;
			buildActionMask = 2147483647;
			files = (
			);
			inputPaths = (
			);
			name = "Copy Pods Resources";
			outputPaths = (
			);
			runOnlyForDeploymentPostprocessing = 0;
			shellPath = /bin/sh;
			shellScript = "\"${SRCROOT}/Pods/Target Support Files/Pods/Pods-resources.sh\"\n";
			showEnvVarsInLog = 0;
		};
		DB556CD1AFBD7B7F848D0EDC /* Embed Pods Frameworks */ = {
			isa = PBXShellScriptBuildPhase;
			buildActionMask = 2147483647;
			files = (
			);
			inputPaths = (
			);
			name = "Embed Pods Frameworks";
			outputPaths = (
			);
			runOnlyForDeploymentPostprocessing = 0;
			shellPath = /bin/sh;
			shellScript = "\"${SRCROOT}/Pods/Target Support Files/Pods/Pods-frameworks.sh\"\n";
			showEnvVarsInLog = 0;
		};
/* End PBXShellScriptBuildPhase section */

/* Begin PBXSourcesBuildPhase section */
		65AAD3F01C4DB72500FB2939 /* Sources */ = {
			isa = PBXSourcesBuildPhase;
			buildActionMask = 2147483647;
			files = (
				65AAD3FA1C4DB72500FB2939 /* ViewController.swift in Sources */,
				65AAD3F81C4DB72500FB2939 /* AppDelegate.swift in Sources */,
			);
			runOnlyForDeploymentPostprocessing = 0;
		};
/* End PBXSourcesBuildPhase section */

/* Begin PBXVariantGroup section */
		65AAD3FB1C4DB72500FB2939 /* Main.storyboard */ = {
			isa = PBXVariantGroup;
			children = (
				65AAD3FC1C4DB72500FB2939 /* Base */,
			);
			name = Main.storyboard;
			sourceTree = "<group>";
		};
		65AAD4001C4DB72500FB2939 /* LaunchScreen.storyboard */ = {
			isa = PBXVariantGroup;
			children = (
				65AAD4011C4DB72500FB2939 /* Base */,
			);
			name = LaunchScreen.storyboard;
			sourceTree = "<group>";
		};
/* End PBXVariantGroup section */

/* Begin XCBuildConfiguration section */
		65AAD4041C4DB72500FB2939 /* Debug */ = {
			isa = XCBuildConfiguration;
			buildSettings = {
				ALWAYS_SEARCH_USER_PATHS = NO;
				CLANG_CXX_LANGUAGE_STANDARD = "gnu++0x";
				CLANG_CXX_LIBRARY = "libc++";
				CLANG_ENABLE_MODULES = YES;
				CLANG_ENABLE_OBJC_ARC = YES;
				CLANG_WARN_BOOL_CONVERSION = YES;
				CLANG_WARN_CONSTANT_CONVERSION = YES;
				CLANG_WARN_DIRECT_OBJC_ISA_USAGE = YES_ERROR;
				CLANG_WARN_EMPTY_BODY = YES;
				CLANG_WARN_ENUM_CONVERSION = YES;
				CLANG_WARN_INT_CONVERSION = YES;
				CLANG_WARN_OBJC_ROOT_CLASS = YES_ERROR;
				CLANG_WARN_UNREACHABLE_CODE = YES;
				CLANG_WARN__DUPLICATE_METHOD_MATCH = YES;
				"CODE_SIGN_IDENTITY[sdk=iphoneos*]" = "iPhone Developer";
				COPY_PHASE_STRIP = NO;
				DEBUG_INFORMATION_FORMAT = dwarf;
				ENABLE_STRICT_OBJC_MSGSEND = YES;
				ENABLE_TESTABILITY = YES;
				GCC_C_LANGUAGE_STANDARD = gnu99;
				GCC_DYNAMIC_NO_PIC = NO;
				GCC_NO_COMMON_BLOCKS = YES;
				GCC_OPTIMIZATION_LEVEL = 0;
				GCC_PREPROCESSOR_DEFINITIONS = (
					"DEBUG=1",
					"$(inherited)",
				);
				GCC_WARN_64_TO_32_BIT_CONVERSION = YES;
				GCC_WARN_ABOUT_RETURN_TYPE = YES_ERROR;
				GCC_WARN_UNDECLARED_SELECTOR = YES;
				GCC_WARN_UNINITIALIZED_AUTOS = YES_AGGRESSIVE;
				GCC_WARN_UNUSED_FUNCTION = YES;
				GCC_WARN_UNUSED_VARIABLE = YES;
				IPHONEOS_DEPLOYMENT_TARGET = 9.2;
				MTL_ENABLE_DEBUG_INFO = YES;
				ONLY_ACTIVE_ARCH = YES;
				SDKROOT = iphoneos;
				SWIFT_OPTIMIZATION_LEVEL = "-Onone";
			};
			name = Debug;
		};
		65AAD4051C4DB72500FB2939 /* Release */ = {
			isa = XCBuildConfiguration;
			buildSettings = {
				ALWAYS_SEARCH_USER_PATHS = NO;
				CLANG_CXX_LANGUAGE_STANDARD = "gnu++0x";
				CLANG_CXX_LIBRARY = "libc++";
				CLANG_ENABLE_MODULES = YES;
				CLANG_ENABLE_OBJC_ARC = YES;
				CLANG_WARN_BOOL_CONVERSION = YES;
				CLANG_WARN_CONSTANT_CONVERSION = YES;
				CLANG_WARN_DIRECT_OBJC_ISA_USAGE = YES_ERROR;
				CLANG_WARN_EMPTY_BODY = YES;
				CLANG_WARN_ENUM_CONVERSION = YES;
				CLANG_WARN_INT_CONVERSION = YES;
				CLANG_WARN_OBJC_ROOT_CLASS = YES_ERROR;
				CLANG_WARN_UNREACHABLE_CODE = YES;
				CLANG_WARN__DUPLICATE_METHOD_MATCH = YES;
				"CODE_SIGN_IDENTITY[sdk=iphoneos*]" = "iPhone Developer";
				COPY_PHASE_STRIP = NO;
				DEBUG_INFORMATION_FORMAT = "dwarf-with-dsym";
				ENABLE_NS_ASSERTIONS = NO;
				ENABLE_STRICT_OBJC_MSGSEND = YES;
				GCC_C_LANGUAGE_STANDARD = gnu99;
				GCC_NO_COMMON_BLOCKS = YES;
				GCC_WARN_64_TO_32_BIT_CONVERSION = YES;
				GCC_WARN_ABOUT_RETURN_TYPE = YES_ERROR;
				GCC_WARN_UNDECLARED_SELECTOR = YES;
				GCC_WARN_UNINITIALIZED_AUTOS = YES_AGGRESSIVE;
				GCC_WARN_UNUSED_FUNCTION = YES;
				GCC_WARN_UNUSED_VARIABLE = YES;
				IPHONEOS_DEPLOYMENT_TARGET = 9.2;
				MTL_ENABLE_DEBUG_INFO = NO;
				SDKROOT = iphoneos;
				VALIDATE_PRODUCT = YES;
			};
			name = Release;
		};
		65AAD4071C4DB72500FB2939 /* Debug */ = {
			isa = XCBuildConfiguration;
			baseConfigurationReference = C9AF65EA2BA6338C2565BD0F /* Pods.debug.xcconfig */;
			buildSettings = {
				ASSETCATALOG_COMPILER_APPICON_NAME = AppIcon;
				INFOPLIST_FILE = ParseGoogleAuth/Info.plist;
				LD_RUNPATH_SEARCH_PATHS = "$(inherited) @executable_path/Frameworks";
				PRODUCT_BUNDLE_IDENTIFIER = tuts.ParseGoogleAuth;
				PRODUCT_NAME = "$(TARGET_NAME)";
				SWIFT_OBJC_BRIDGING_HEADER = "ParseGoogleAuth/ParseGoogleAuth-Bridging-Header.h";
			};
			name = Debug;
		};
		65AAD4081C4DB72500FB2939 /* Release */ = {
			isa = XCBuildConfiguration;
			baseConfigurationReference = 905F21BDFFA36627E6EF1972 /* Pods.release.xcconfig */;
			buildSettings = {
				ASSETCATALOG_COMPILER_APPICON_NAME = AppIcon;
				INFOPLIST_FILE = ParseGoogleAuth/Info.plist;
				LD_RUNPATH_SEARCH_PATHS = "$(inherited) @executable_path/Frameworks";
				PRODUCT_BUNDLE_IDENTIFIER = tuts.ParseGoogleAuth;
				PRODUCT_NAME = "$(TARGET_NAME)";
				SWIFT_OBJC_BRIDGING_HEADER = "ParseGoogleAuth/ParseGoogleAuth-Bridging-Header.h";
			};
			name = Release;
		};
/* End XCBuildConfiguration section */

/* Begin XCConfigurationList section */
		65AAD3EF1C4DB72500FB2939 /* Build configuration list for PBXProject "ParseGoogleAuth" */ = {
			isa = XCConfigurationList;
			buildConfigurations = (
				65AAD4041C4DB72500FB2939 /* Debug */,
				65AAD4051C4DB72500FB2939 /* Release */,
			);
			defaultConfigurationIsVisible = 0;
			defaultConfigurationName = Release;
		};
		65AAD4061C4DB72500FB2939 /* Build configuration list for PBXNativeTarget "ParseGoogleAuth" */ = {
			isa = XCConfigurationList;
			buildConfigurations = (
				65AAD4071C4DB72500FB2939 /* Debug */,
				65AAD4081C4DB72500FB2939 /* Release */,
			);
			defaultConfigurationIsVisible = 0;
			defaultConfigurationName = Release;
		};
/* End XCConfigurationList section */
	};
	rootObject = 65AAD3EC1C4DB72500FB2939 /* Project object */;
}
